
Microsoft Visual Studio Solution File, Format Version 12.00
# Visual Studio Version 17
VisualStudioVersion = 17.1.32210.238
MinimumVisualStudioVersion = 10.0.40219.1
Project("{FAE04EC0-301F-11D3-BF4B-00C04F79EFBC}") = "EstruturaDeControle", "EstruturaDeControle\EstruturaDeControle.csproj", "{6F9CD189-FB38-452E-AEB0-93F0D1711CB9}"
EndProject
Global
	GlobalSection(SolutionConfigurationPlatforms) = preSolution
		Debug|Any CPU = Debug|Any CPU
		Release|Any CPU = Release|Any CPU
	EndGlobalSection
	GlobalSection(ProjectConfigurationPlatforms) = postSolution
		{6F9CD189-FB38-452E-AEB0-93F0D1711CB9}.Debug|Any CPU.ActiveCfg = Debug|Any CPU
		{6F9CD189-FB38-452E-AEB0-93F0D1711CB9}.Debug|Any CPU.Build.0 = Debug|Any CPU
		{6F9CD189-FB38-452E-AEB0-93F0D1711CB9}.Release|Any CPU.ActiveCfg = Release|Any CPU
		{6F9CD189-FB38-452E-AEB0-93F0D1711CB9}.Release|Any CPU.Build.0 = Release|Any CPU
	EndGlobalSection
	GlobalSection(SolutionProperties) = preSolution
		HideSolutionNode = FALSE
	EndGlobalSection
	GlobalSection(ExtensibilityGlobals) = postSolution
		SolutionGuid = {C057E4F4-3F8D-4F82-BCE4-64D5A8387CFB}
	EndGlobalSection
EndGlobal
